
Microsoft Visual Studio Solution File, Format Version 12.00
# Visual Studio Version 17
VisualStudioVersion = 17.4.33403.182
MinimumVisualStudioVersion = 10.0.40219.1
Project("{FAE04EC0-301F-11D3-BF4B-00C04F79EFBC}") = "Trials", "Trials\Trials.csproj", "{AE687AE3-1C02-4A25-9E44-05FF539639F1}"
EndProject
Global
	GlobalSection(SolutionConfigurationPlatforms) = preSolution
		Debug|Any CPU = Debug|Any CPU
		Release|Any CPU = Release|Any CPU
	EndGlobalSection
	GlobalSection(ProjectConfigurationPlatforms) = postSolution
		{AE687AE3-1C02-4A25-9E44-05FF539639F1}.Debug|Any CPU.ActiveCfg = Debug|Any CPU
		{AE687AE3-1C02-4A25-9E44-05FF539639F1}.Debug|Any CPU.Build.0 = Debug|Any CPU
		{AE687AE3-1C02-4A25-9E44-05FF539639F1}.Release|Any CPU.ActiveCfg = Release|Any CPU
		{AE687AE3-1C02-4A25-9E44-05FF539639F1}.Release|Any CPU.Build.0 = Release|Any CPU
	EndGlobalSection
	GlobalSection(SolutionProperties) = preSolution
		HideSolutionNode = FALSE
	EndGlobalSection
	GlobalSection(ExtensibilityGlobals) = postSolution
		SolutionGuid = {4C8DDF31-21DA-411A-B55D-6C1AF53C47EB}
	EndGlobalSection
EndGlobal
